
Microsoft Visual Studio Solution File, Format Version 12.00
# Visual Studio 15
VisualStudioVersion = 15.0.28010.2016
MinimumVisualStudioVersion = 10.0.40219.1
Project("{FAE04EC0-301F-11D3-BF4B-00C04F79EFBC}") = "Quiz1_한승우", "Quiz1_한승우\Quiz1_한승우.csproj", "{A9832FB5-E148-4262-976F-4912C79BDCAF}"
EndProject
Project("{FAE04EC0-301F-11D3-BF4B-00C04F79EFBC}") = "Quiz2_한승우", "Quiz2_한승우\Quiz2_한승우.csproj", "{0BCFC99F-0F61-4834-A515-120BC14809FF}"
EndProject
Project("{FAE04EC0-301F-11D3-BF4B-00C04F79EFBC}") = "Quiz3_한승우", "Quiz3_한승우\Quiz3_한승우.csproj", "{16C22614-E738-4BA5-BC8A-EA0DD582E98F}"
EndProject
Project("{FAE04EC0-301F-11D3-BF4B-00C04F79EFBC}") = "Quiz4_한승우", "Quiz4_한승우\Quiz4_한승우.csproj", "{7623460D-3C39-449F-A809-F6980597BF80}"
EndProject
Global
	GlobalSection(SolutionConfigurationPlatforms) = preSolution
		Debug|Any CPU = Debug|Any CPU
		Release|Any CPU = Release|Any CPU
	EndGlobalSection
	GlobalSection(ProjectConfigurationPlatforms) = postSolution
		{A9832FB5-E148-4262-976F-4912C79BDCAF}.Debug|Any CPU.ActiveCfg = Debug|Any CPU
		{A9832FB5-E148-4262-976F-4912C79BDCAF}.Debug|Any CPU.Build.0 = Debug|Any CPU
		{A9832FB5-E148-4262-976F-4912C79BDCAF}.Release|Any CPU.ActiveCfg = Release|Any CPU
		{A9832FB5-E148-4262-976F-4912C79BDCAF}.Release|Any CPU.Build.0 = Release|Any CPU
		{0BCFC99F-0F61-4834-A515-120BC14809FF}.Debug|Any CPU.ActiveCfg = Debug|Any CPU
		{0BCFC99F-0F61-4834-A515-120BC14809FF}.Debug|Any CPU.Build.0 = Debug|Any CPU
		{0BCFC99F-0F61-4834-A515-120BC14809FF}.Release|Any CPU.ActiveCfg = Release|Any CPU
		{0BCFC99F-0F61-4834-A515-120BC14809FF}.Release|Any CPU.Build.0 = Release|Any CPU
		{16C22614-E738-4BA5-BC8A-EA0DD582E98F}.Debug|Any CPU.ActiveCfg = Debug|Any CPU
		{16C22614-E738-4BA5-BC8A-EA0DD582E98F}.Debug|Any CPU.Build.0 = Debug|Any CPU
		{16C22614-E738-4BA5-BC8A-EA0DD582E98F}.Release|Any CPU.ActiveCfg = Release|Any CPU
		{16C22614-E738-4BA5-BC8A-EA0DD582E98F}.Release|Any CPU.Build.0 = Release|Any CPU
		{7623460D-3C39-449F-A809-F6980597BF80}.Debug|Any CPU.ActiveCfg = Debug|Any CPU
		{7623460D-3C39-449F-A809-F6980597BF80}.Debug|Any CPU.Build.0 = Debug|Any CPU
		{7623460D-3C39-449F-A809-F6980597BF80}.Release|Any CPU.ActiveCfg = Release|Any CPU
		{7623460D-3C39-449F-A809-F6980597BF80}.Release|Any CPU.Build.0 = Release|Any CPU
	EndGlobalSection
	GlobalSection(SolutionProperties) = preSolution
		HideSolutionNode = FALSE
	EndGlobalSection
	GlobalSection(ExtensibilityGlobals) = postSolution
		SolutionGuid = {61D6F297-3488-4045-8EE5-26D02BA0C0F4}
	EndGlobalSection
EndGlobal
