
Microsoft Visual Studio Solution File, Format Version 12.00
# Visual Studio 15
VisualStudioVersion = 15.0.28010.2016
MinimumVisualStudioVersion = 10.0.40219.1
Project("{FAE04EC0-301F-11D3-BF4B-00C04F79EFBC}") = "ex7_4", "ex7_4\ex7_4.csproj", "{8456287E-3150-4696-A251-88E5E8911F69}"
EndProject
Project("{FAE04EC0-301F-11D3-BF4B-00C04F79EFBC}") = "ex7_5", "ex7_5\ex7_5.csproj", "{48B9B98D-6C63-4769-BE69-B99AF10E28A4}"
EndProject
Project("{FAE04EC0-301F-11D3-BF4B-00C04F79EFBC}") = "ex7_6", "ex7_6\ex7_6.csproj", "{CECCB22F-082E-49FF-AA08-351FF06C8338}"
EndProject
Project("{FAE04EC0-301F-11D3-BF4B-00C04F79EFBC}") = "ex7_2_7_3", "ex7_2_7_3\ex7_2_7_3.csproj", "{9487FBDE-A352-4E04-9373-B9ED36828F96}"
EndProject
Project("{FAE04EC0-301F-11D3-BF4B-00C04F79EFBC}") = "ex7_1", "ex7_1\ex7_1.csproj", "{EC1EA770-CB97-4694-AC42-42641F1C28FA}"
EndProject
Global
	GlobalSection(SolutionConfigurationPlatforms) = preSolution
		Debug|Any CPU = Debug|Any CPU
		Release|Any CPU = Release|Any CPU
	EndGlobalSection
	GlobalSection(ProjectConfigurationPlatforms) = postSolution
		{8456287E-3150-4696-A251-88E5E8911F69}.Debug|Any CPU.ActiveCfg = Debug|Any CPU
		{8456287E-3150-4696-A251-88E5E8911F69}.Debug|Any CPU.Build.0 = Debug|Any CPU
		{8456287E-3150-4696-A251-88E5E8911F69}.Release|Any CPU.ActiveCfg = Release|Any CPU
		{8456287E-3150-4696-A251-88E5E8911F69}.Release|Any CPU.Build.0 = Release|Any CPU
		{48B9B98D-6C63-4769-BE69-B99AF10E28A4}.Debug|Any CPU.ActiveCfg = Debug|Any CPU
		{48B9B98D-6C63-4769-BE69-B99AF10E28A4}.Debug|Any CPU.Build.0 = Debug|Any CPU
		{48B9B98D-6C63-4769-BE69-B99AF10E28A4}.Release|Any CPU.ActiveCfg = Release|Any CPU
		{48B9B98D-6C63-4769-BE69-B99AF10E28A4}.Release|Any CPU.Build.0 = Release|Any CPU
		{CECCB22F-082E-49FF-AA08-351FF06C8338}.Debug|Any CPU.ActiveCfg = Debug|Any CPU
		{CECCB22F-082E-49FF-AA08-351FF06C8338}.Debug|Any CPU.Build.0 = Debug|Any CPU
		{CECCB22F-082E-49FF-AA08-351FF06C8338}.Release|Any CPU.ActiveCfg = Release|Any CPU
		{CECCB22F-082E-49FF-AA08-351FF06C8338}.Release|Any CPU.Build.0 = Release|Any CPU
		{9487FBDE-A352-4E04-9373-B9ED36828F96}.Debug|Any CPU.ActiveCfg = Debug|Any CPU
		{9487FBDE-A352-4E04-9373-B9ED36828F96}.Debug|Any CPU.Build.0 = Debug|Any CPU
		{9487FBDE-A352-4E04-9373-B9ED36828F96}.Release|Any CPU.ActiveCfg = Release|Any CPU
		{9487FBDE-A352-4E04-9373-B9ED36828F96}.Release|Any CPU.Build.0 = Release|Any CPU
		{EC1EA770-CB97-4694-AC42-42641F1C28FA}.Debug|Any CPU.ActiveCfg = Debug|Any CPU
		{EC1EA770-CB97-4694-AC42-42641F1C28FA}.Debug|Any CPU.Build.0 = Debug|Any CPU
		{EC1EA770-CB97-4694-AC42-42641F1C28FA}.Release|Any CPU.ActiveCfg = Release|Any CPU
		{EC1EA770-CB97-4694-AC42-42641F1C28FA}.Release|Any CPU.Build.0 = Release|Any CPU
	EndGlobalSection
	GlobalSection(SolutionProperties) = preSolution
		HideSolutionNode = FALSE
	EndGlobalSection
	GlobalSection(ExtensibilityGlobals) = postSolution
		SolutionGuid = {B97644C7-C5A5-4306-BFF5-CFAA60115C15}
	EndGlobalSection
EndGlobal
